<?xml version="1.0" encoding="utf-8"?>
<Project ToolsVersion="4.0" xmlns="http://schemas.microsoft.com/developer/msbuild/2003">
  <ItemGroup>
    <ClCompile Include="main.cpp" />
    <ClCompile Include="FileManager.cpp">
      <Filter>Core\Managers</Filter>
    </ClCompile>
    <ClCompile Include="ResourceManager.cpp">
      <Filter>Core\Managers</Filter>
    </ClCompile>
    <ClCompile Include="Input.cpp">
      <Filter>Core</Filter>
    </ClCompile>
    <ClCompile Include="Core.cpp">
      <Filter>Core</Filter>
    </ClCompile>
    <ClCompile Include="SceneManager.cpp">
      <Filter>Core\Managers</Filter>
    </ClCompile>
    <ClCompile Include="Log.cpp">
      <Filter>Core\Stuff</Filter>
    </ClCompile>
    <ClCompile Include="Time.cpp">
      <Filter>Core\Stuff</Filter>
    </ClCompile>
    <ClCompile Include="Mesh.cpp">
      <Filter>Core\Resources\Mesh</Filter>
    </ClCompile>
    <ClCompile Include="Shader.cpp">
      <Filter>Core\Resources\Shader</Filter>
    </ClCompile>
    <ClCompile Include="Game.cpp">
      <Filter>Game</Filter>
    </ClCompile>
    <ClCompile Include="ShaderFactory.cpp">
      <Filter>Core\Resources</Filter>
    </ClCompile>
    <ClCompile Include="TextureFactory.cpp">
      <Filter>Core\Resources</Filter>
    </ClCompile>
    <ClCompile Include="Cubemap.cpp">
      <Filter>Core\Resources\Cubemap</Filter>
    </ClCompile>
    <ClCompile Include="SkyboxRenderer.cpp">
      <Filter>Core\Renderers</Filter>
    </ClCompile>
    <ClCompile Include="CubemapFactory.cpp">
      <Filter>Core\Resources</Filter>
    </ClCompile>
    <ClCompile Include="MeshFactory.cpp">
      <Filter>Core\Resources</Filter>
    </ClCompile>
    <ClCompile Include="Stuff.cpp">
      <Filter>Core\Stuff</Filter>
    </ClCompile>
    <ClCompile Include="Transformable.cpp">
      <Filter>Core\GameObjects</Filter>
    </ClCompile>
    <ClCompile Include="Camera.cpp">
      <Filter>Core\GameObjects</Filter>
    </ClCompile>
    <ClCompile Include="Renderer.cpp">
      <Filter>Core\Renderers</Filter>
    </ClCompile>
    <ClCompile Include="World.cpp">
      <Filter>Core\Physics</Filter>
    </ClCompile>
    <ClCompile Include="Math.cpp">
      <Filter>Core\Stuff</Filter>
    </ClCompile>
    <ClCompile Include="VRsystem.cpp">
      <Filter>Core\VR</Filter>
    </ClCompile>
    <ClCompile Include="FrameBuffer.cpp">
      <Filter>Core\Stuff</Filter>
    </ClCompile>
    <ClCompile Include="Body.cpp">
      <Filter>Core\GameObjects</Filter>
    </ClCompile>
    <ClCompile Include="BodyRenderer.cpp">
      <Filter>Core\Renderers</Filter>
    </ClCompile>
  </ItemGroup>
  <ItemGroup>
    <Filter Include="Core">
      <UniqueIdentifier>{79bfd467-0f92-41b7-a1b3-e58a067225de}</UniqueIdentifier>
    </Filter>
    <Filter Include="Core\Managers">
      <UniqueIdentifier>{2923ac19-0138-4431-9003-bbffa6783acb}</UniqueIdentifier>
    </Filter>
    <Filter Include="Game">
      <UniqueIdentifier>{90f47c6f-e92b-47c8-b4df-b38bd3215f3b}</UniqueIdentifier>
    </Filter>
    <Filter Include="Core\Stuff">
      <UniqueIdentifier>{08ddb1b0-254f-4aa3-8cf3-91839565bbc3}</UniqueIdentifier>
    </Filter>
    <Filter Include="Core\Resources">
      <UniqueIdentifier>{7bf269e9-b639-4d74-82fc-0e1ded840151}</UniqueIdentifier>
    </Filter>
    <Filter Include="Core\Resources\Mesh">
      <UniqueIdentifier>{79643ed1-e20c-48d3-b11b-04452ee26f6e}</UniqueIdentifier>
    </Filter>
    <Filter Include="Core\Resources\Shader">
      <UniqueIdentifier>{c90e4f02-9657-485b-9717-079e3057d5c5}</UniqueIdentifier>
    </Filter>
    <Filter Include="Core\Renderers">
      <UniqueIdentifier>{4013d569-7ea0-40ad-aca9-87a045da6fa7}</UniqueIdentifier>
    </Filter>
    <Filter Include="Core\Resources\Cubemap">
      <UniqueIdentifier>{f680e0f3-f16d-4fea-8664-4a12e0f83b3f}</UniqueIdentifier>
    </Filter>
    <Filter Include="Core\GameObjects">
      <UniqueIdentifier>{67550204-85d3-45ba-8200-83c2ddd2e9cd}</UniqueIdentifier>
    </Filter>
    <Filter Include="Core\Physics">
      <UniqueIdentifier>{eff760dd-ddd2-40af-9eaf-a784a90bb832}</UniqueIdentifier>
    </Filter>
    <Filter Include="Core\VR">
      <UniqueIdentifier>{c6dab3f5-72e4-44b2-a45f-5e71b0cf24b6}</UniqueIdentifier>
    </Filter>
  </ItemGroup>
  <ItemGroup>
    <ClInclude Include="FileManager.h">
      <Filter>Core\Managers</Filter>
    </ClInclude>
    <ClInclude Include="ResourceManager.h">
      <Filter>Core\Managers</Filter>
    </ClInclude>
    <ClInclude Include="Input.h">
      <Filter>Core</Filter>
    </ClInclude>
    <ClInclude Include="Core.h">
      <Filter>Core</Filter>
    </ClInclude>
    <ClInclude Include="SceneManager.h">
      <Filter>Core\Managers</Filter>
    </ClInclude>
    <ClInclude Include="Log.h">
      <Filter>Core\Stuff</Filter>
    </ClInclude>
    <ClInclude Include="Math.h">
      <Filter>Core\Stuff</Filter>
    </ClInclude>
    <ClInclude Include="Time.h">
      <Filter>Core\Stuff</Filter>
    </ClInclude>
    <ClInclude Include="Mesh.h">
      <Filter>Core\Resources\Mesh</Filter>
    </ClInclude>
    <ClInclude Include="Shader.h">
      <Filter>Core\Resources\Shader</Filter>
    </ClInclude>
    <ClInclude Include="Game.h">
      <Filter>Game</Filter>
    </ClInclude>
    <ClInclude Include="Delegate.h">
      <Filter>Core\Stuff</Filter>
    </ClInclude>
    <ClInclude Include="ShaderFactory.h">
      <Filter>Core\Resources</Filter>
    </ClInclude>
    <ClInclude Include="TextureFactory.h">
      <Filter>Core\Resources</Filter>
    </ClInclude>
    <ClInclude Include="SkyboxRenderer.h">
      <Filter>Core\Renderers</Filter>
    </ClInclude>
    <ClInclude Include="Cubemap.h">
      <Filter>Core\Resources\Cubemap</Filter>
    </ClInclude>
    <ClInclude Include="CubemapFactory.h">
      <Filter>Core\Resources</Filter>
    </ClInclude>
    <ClInclude Include="MeshFactory.h">
      <Filter>Core\Resources</Filter>
    </ClInclude>
    <ClInclude Include="Stuff.h">
      <Filter>Core\Stuff</Filter>
    </ClInclude>
    <ClInclude Include="AbstractFactory.h">
      <Filter>Core\Resources</Filter>
    </ClInclude>
    <ClInclude Include="Transformable.h">
      <Filter>Core\GameObjects</Filter>
    </ClInclude>
    <ClInclude Include="Camera.h">
      <Filter>Core\GameObjects</Filter>
    </ClInclude>
    <ClInclude Include="Renderer.h">
      <Filter>Core\Renderers</Filter>
    </ClInclude>
    <ClInclude Include="World.h">
      <Filter>Core\Physics</Filter>
    </ClInclude>
    <ClInclude Include="VRsystem.h">
      <Filter>Core\VR</Filter>
    </ClInclude>
    <ClInclude Include="FrameBuffer.h">
      <Filter>Core\Stuff</Filter>
    </ClInclude>
    <ClInclude Include="Body.h">
      <Filter>Core\GameObjects</Filter>
    </ClInclude>
    <ClInclude Include="BodyRenderer.h">
      <Filter>Core\Renderers</Filter>
    </ClInclude>
  </ItemGroup>
</Project>